
Microsoft Visual Studio Solution File, Format Version 12.00
# Visual Studio 2012
Project("{FAE04EC0-301F-11D3-BF4B-00C04F79EFBC}") = "BlogBuiltBy.ServiceStack.Web", "BlogBuiltBy.ServiceStack.Web\BlogBuiltBy.ServiceStack.Web.csproj", "{50D7A82A-DEE4-4868-B9F9-B663D9A8105F}"
EndProject
Global
	GlobalSection(SolutionConfigurationPlatforms) = preSolution
		Debug|Any CPU = Debug|Any CPU
		Release|Any CPU = Release|Any CPU
	EndGlobalSection
	GlobalSection(ProjectConfigurationPlatforms) = postSolution
		{50D7A82A-DEE4-4868-B9F9-B663D9A8105F}.Debug|Any CPU.ActiveCfg = Debug|Any CPU
		{50D7A82A-DEE4-4868-B9F9-B663D9A8105F}.Debug|Any CPU.Build.0 = Debug|Any CPU
		{50D7A82A-DEE4-4868-B9F9-B663D9A8105F}.Release|Any CPU.ActiveCfg = Release|Any CPU
		{50D7A82A-DEE4-4868-B9F9-B663D9A8105F}.Release|Any CPU.Build.0 = Release|Any CPU
	EndGlobalSection
	GlobalSection(SolutionProperties) = preSolution
		HideSolutionNode = FALSE
	EndGlobalSection
EndGlobal
